
Microsoft Visual Studio Solution File, Format Version 12.00
# Visual Studio 15
VisualStudioVersion = 15.0.28307.421
MinimumVisualStudioVersion = 10.0.40219.1
Project("{FAE04EC0-301F-11D3-BF4B-00C04F79EFBC}") = "HXCProgram", "HXCProgram\HXCProgram.csproj", "{D4940162-0C33-45C1-8265-83D7F9F4844F}"
EndProject
Project("{2150E333-8FDC-42A3-9474-1A3956D46DE8}") = "FunctionClass", "FunctionClass", "{E09DC631-BEF3-4F62-A2F3-DCEAB4799A1B}"
EndProject
Project("{FAE04EC0-301F-11D3-BF4B-00C04F79EFBC}") = "Logger", "FunctionClass\Logger\Logger.csproj", "{559C715B-26DA-48C7-BF40-3121C4CF24A1}"
EndProject
Project("{FAE04EC0-301F-11D3-BF4B-00C04F79EFBC}") = "JSON", "FunctionClass\JSON\JSON.csproj", "{2EB2154C-BAD6-4E42-9E57-18631628FCE9}"
EndProject
Project("{FAE04EC0-301F-11D3-BF4B-00C04F79EFBC}") = "WebRest", "FunctionClass\WebRest\WebRest\WebRest.csproj", "{9A3B258B-2896-4BC4-B010-B8DF7F822A64}"
EndProject
Project("{FAE04EC0-301F-11D3-BF4B-00C04F79EFBC}") = "XMLFunction", "OtherProgram\XMLFunction\XMLFunction.csproj", "{F93B6295-3F37-4B69-B52A-2166F67D7CFB}"
EndProject
Project("{2150E333-8FDC-42A3-9474-1A3956D46DE8}") = "OtherProgram", "OtherProgram", "{7538C41D-6B22-4A4A-9619-3DE2E66F90C4}"
EndProject
Project("{FAE04EC0-301F-11D3-BF4B-00C04F79EFBC}") = "MySQL", "OtherProgram\MySQL\MySQL.csproj", "{94022EF4-6640-4E13-B582-845EA63C7089}"
EndProject
Project("{FAE04EC0-301F-11D3-BF4B-00C04F79EFBC}") = "MTConnectTest", "OtherProgram\MTConnectTest\MTConnectTest.csproj", "{29FF6CB0-F6BC-496E-94F1-C3E7DE8650B1}"
EndProject
Project("{2150E333-8FDC-42A3-9474-1A3956D46DE8}") = "SmallFuctionTest", "SmallFuctionTest", "{06C6E433-A3D4-44CF-9CC5-EC2F8AD635CD}"
EndProject
Project("{FAE04EC0-301F-11D3-BF4B-00C04F79EFBC}") = "Collection", "FunctionClass\Collection\Collection.csproj", "{F8BBA447-A554-4C62-AE8D-306CF1ABC05D}"
EndProject
Project("{FAE04EC0-301F-11D3-BF4B-00C04F79EFBC}") = "Modbus", "OtherProgram\Modbus\Modbus.csproj", "{94C2130C-5557-4ABD-B3F1-C9E47386908B}"
EndProject
Project("{FAE04EC0-301F-11D3-BF4B-00C04F79EFBC}") = "MXComment", "OtherProgram\MXComment\MXComment\MXComment.csproj", "{BD13DD8D-4FD3-412A-9E74-D2A1151255C9}"
EndProject
Project("{FAE04EC0-301F-11D3-BF4B-00C04F79EFBC}") = "DllMXComment", "OtherProgram\DllMXComment\DllMXComment\DllMXComment.csproj", "{70686DE9-E2AB-4664-B081-9A7C8B0D1146}"
EndProject
Project("{FAE04EC0-301F-11D3-BF4B-00C04F79EFBC}") = "test11", "OtherProgram\1111\test11\test11.csproj", "{6E06B26A-B7F8-4637-BAED-5360EA847791}"
EndProject
Project("{FAE04EC0-301F-11D3-BF4B-00C04F79EFBC}") = "DotTypeProgram", "OtherProgram\DotTypeProgram\DotTypeProgram\DotTypeProgram.csproj", "{DA0CAC87-4B89-4C9A-92D6-D7EFCBE9CCFA}"
EndProject
Project("{FAE04EC0-301F-11D3-BF4B-00C04F79EFBC}") = "Reflection", "OtherProgram\Reflection\Reflection\Reflection.csproj", "{4A94692E-B087-43D9-A95F-85E1BFBE7B19}"
EndProject
Project("{FAE04EC0-301F-11D3-BF4B-00C04F79EFBC}") = "InvokeTest", "FunctionClass\InvokeTest\InvokeTest\InvokeTest.csproj", "{8E2D833B-B25A-44A2-82F4-44CD9F84D3F6}"
EndProject
Project("{2150E333-8FDC-42A3-9474-1A3956D46DE8}") = "Supermarket", "Supermarket", "{194428BA-3948-4EA4-8C6F-9AC6E30F5D83}"
EndProject
Project("{FAE04EC0-301F-11D3-BF4B-00C04F79EFBC}") = "SupermarketSystem", "Supermarket\SupermarketSystem\SupermarketSystem.csproj", "{A385E86D-B89E-4C9A-9F10-29FFAA1307C1}"
EndProject
Project("{FAE04EC0-301F-11D3-BF4B-00C04F79EFBC}") = "DAL", "Supermarket\DAL\DAL.csproj", "{729D3E93-AF07-4F21-AAAA-9C23AC149D40}"
EndProject
Project("{FAE04EC0-301F-11D3-BF4B-00C04F79EFBC}") = "DBUtility", "Supermarket\DBUtility\DBUtility.csproj", "{EDB213DD-CA2E-4D4D-B27E-5B21D800111C}"
EndProject
Project("{FAE04EC0-301F-11D3-BF4B-00C04F79EFBC}") = "DBTest", "Supermarket\DBTest\DBTest.csproj", "{3E8959E7-57A2-40E5-B067-0056914B1373}"
EndProject
Project("{FAE04EC0-301F-11D3-BF4B-00C04F79EFBC}") = "AppConfig", "FunctionClass\AppConfig\AppConfig.csproj", "{C9C23D39-8C21-4D53-AF21-D65452BDE382}"
EndProject
Project("{2150E333-8FDC-42A3-9474-1A3956D46DE8}") = "Student", "Student", "{4FCD20AF-C6EE-481A-A258-43E4BB4E70DF}"
EndProject
Project("{FAE04EC0-301F-11D3-BF4B-00C04F79EFBC}") = "Model", "Student\Model\Model.csproj", "{25F00D51-F41A-4E3E-93F7-0E4695DB4BF8}"
EndProject
Project("{FAE04EC0-301F-11D3-BF4B-00C04F79EFBC}") = "GradeBLL", "Student\GradeBLL\GradeBLL.csproj", "{ED75EFE3-882D-4F22-8662-866BB4D75997}"
EndProject
Project("{FAE04EC0-301F-11D3-BF4B-00C04F79EFBC}") = "SQLDAL", "Student\SQLDAL\SQLDAL.csproj", "{FA0F06F4-336E-4C57-9A30-F7F1D90A70D3}"
EndProject
Project("{FAE04EC0-301F-11D3-BF4B-00C04F79EFBC}") = "StudentGrade", "Student\StudentGrade\StudentGrade.csproj", "{33258B80-EA9F-46F2-A3ED-655B1934437E}"
EndProject
Project("{FAE04EC0-301F-11D3-BF4B-00C04F79EFBC}") = "RDLC", "OtherProgram\RDLC\RDLC.csproj", "{26752D91-4202-491E-9C64-CB547A616911}"
EndProject
Project("{FAE04EC0-301F-11D3-BF4B-00C04F79EFBC}") = "AttributeTest", "OtherProgram\AttributeTest\AttributeTest.csproj", "{BDD6C378-878E-428D-9069-5957357F787C}"
EndProject
Project("{FAE04EC0-301F-11D3-BF4B-00C04F79EFBC}") = "Mqtt", "OtherProgram\Mqtt\Mqtt.csproj", "{A558B551-D47A-43F1-B170-12021E7829D4}"
EndProject
Project("{FAE04EC0-301F-11D3-BF4B-00C04F79EFBC}") = "FanucCNCData", "OtherProgram\FanucCNCData\FanucCNCData.csproj", "{C15B15D0-609D-4704-B4EB-AB90B740255B}"
EndProject
Project("{FAE04EC0-301F-11D3-BF4B-00C04F79EFBC}") = "PositionSystem", "OtherProgram\PositionSystem\PositionSystem.csproj", "{7B628E87-BDB0-4089-A0BD-018E61AEC06E}"
EndProject
Project("{2150E333-8FDC-42A3-9474-1A3956D46DE8}") = "HMIControl", "HMIControl", "{5D24E002-95E1-4813-8ECB-B0E049F2613D}"
EndProject
Project("{FAE04EC0-301F-11D3-BF4B-00C04F79EFBC}") = "HMIControl", "HMIControl\HMIControl\HMIControl.csproj", "{32E11E40-5835-43F2-ABE0-3E336BC95283}"
EndProject
Project("{FAE04EC0-301F-11D3-BF4B-00C04F79EFBC}") = "HMIExample", "HMIControl\HMIExample\HMIExample.csproj", "{07362C94-25EE-443C-BBB2-86FED89E55F2}"
EndProject
Project("{FAE04EC0-301F-11D3-BF4B-00C04F79EFBC}") = "HMIDemo", "HMIControl\HMIDemo\HMIDemo.csproj", "{D1DCB311-F42A-4AC2-9DA1-C2BCE3F0FF07}"
EndProject
Project("{FAE04EC0-301F-11D3-BF4B-00C04F79EFBC}") = "BaseThread", "FunctionClass\BaseThread\BaseThread.csproj", "{DDD24CE9-1900-47A7-9475-6E8628FCF7F7}"
EndProject
Project("{FAE04EC0-301F-11D3-BF4B-00C04F79EFBC}") = "MySqlTest", "OtherProgram\MySqlTest\MySqlTest.csproj", "{B7FC94D1-BD2C-40A5-9E3C-FD0D2D12E398}"
EndProject
Project("{2150E333-8FDC-42A3-9474-1A3956D46DE8}") = "ThreeJS", "ThreeJS", "{3A353814-02AC-4BAE-B30F-E8D58BC7A21A}"
	ProjectSection(SolutionItems) = preProject
		AddDae.html = AddDae.html
		Threejs\lib\AddDae.html = Threejs\lib\AddDae.html
		Threejs\lib\canvas_geometry_cube.html = Threejs\lib\canvas_geometry_cube.html
		Threejs\lib\FirstThreeJs.html = Threejs\lib\FirstThreeJs.html
		Threejs\lib\Move.html = Threejs\lib\Move.html
		Threejs\lib\Robot.html = Threejs\lib\Robot.html
	EndProjectSection
EndProject
Project("{2150E333-8FDC-42A3-9474-1A3956D46DE8}") = "Frame", "Frame", "{07C00A8C-E06D-4FA7-A65F-805F0AFD574D}"
EndProject
Project("{FAE04EC0-301F-11D3-BF4B-00C04F79EFBC}") = "ConsoleApplication1", "Frame\ConsoleApplication1\ConsoleApplication1.csproj", "{9AEB6FB1-7815-4E7A-9D8E-D56F4F1E7F7A}"
EndProject
Global
	GlobalSection(SolutionConfigurationPlatforms) = preSolution
		Debug|Any CPU = Debug|Any CPU
		Release|Any CPU = Release|Any CPU
	EndGlobalSection
	GlobalSection(ProjectConfigurationPlatforms) = postSolution
		{D4940162-0C33-45C1-8265-83D7F9F4844F}.Debug|Any CPU.ActiveCfg = Debug|Any CPU
		{D4940162-0C33-45C1-8265-83D7F9F4844F}.Debug|Any CPU.Build.0 = Debug|Any CPU
		{D4940162-0C33-45C1-8265-83D7F9F4844F}.Release|Any CPU.ActiveCfg = Release|Any CPU
		{D4940162-0C33-45C1-8265-83D7F9F4844F}.Release|Any CPU.Build.0 = Release|Any CPU
		{559C715B-26DA-48C7-BF40-3121C4CF24A1}.Debug|Any CPU.ActiveCfg = Debug|Any CPU
		{559C715B-26DA-48C7-BF40-3121C4CF24A1}.Debug|Any CPU.Build.0 = Debug|Any CPU
		{559C715B-26DA-48C7-BF40-3121C4CF24A1}.Release|Any CPU.ActiveCfg = Release|Any CPU
		{559C715B-26DA-48C7-BF40-3121C4CF24A1}.Release|Any CPU.Build.0 = Release|Any CPU
		{2EB2154C-BAD6-4E42-9E57-18631628FCE9}.Debug|Any CPU.ActiveCfg = Debug|Any CPU
		{2EB2154C-BAD6-4E42-9E57-18631628FCE9}.Debug|Any CPU.Build.0 = Debug|Any CPU
		{2EB2154C-BAD6-4E42-9E57-18631628FCE9}.Release|Any CPU.ActiveCfg = Release|Any CPU
		{2EB2154C-BAD6-4E42-9E57-18631628FCE9}.Release|Any CPU.Build.0 = Release|Any CPU
		{9A3B258B-2896-4BC4-B010-B8DF7F822A64}.Debug|Any CPU.ActiveCfg = Debug|Any CPU
		{9A3B258B-2896-4BC4-B010-B8DF7F822A64}.Debug|Any CPU.Build.0 = Debug|Any CPU
		{9A3B258B-2896-4BC4-B010-B8DF7F822A64}.Release|Any CPU.ActiveCfg = Release|Any CPU
		{9A3B258B-2896-4BC4-B010-B8DF7F822A64}.Release|Any CPU.Build.0 = Release|Any CPU
		{F93B6295-3F37-4B69-B52A-2166F67D7CFB}.Debug|Any CPU.ActiveCfg = Debug|Any CPU
		{F93B6295-3F37-4B69-B52A-2166F67D7CFB}.Debug|Any CPU.Build.0 = Debug|Any CPU
		{F93B6295-3F37-4B69-B52A-2166F67D7CFB}.Release|Any CPU.ActiveCfg = Release|Any CPU
		{F93B6295-3F37-4B69-B52A-2166F67D7CFB}.Release|Any CPU.Build.0 = Release|Any CPU
		{94022EF4-6640-4E13-B582-845EA63C7089}.Debug|Any CPU.ActiveCfg = Debug|Any CPU
		{94022EF4-6640-4E13-B582-845EA63C7089}.Debug|Any CPU.Build.0 = Debug|Any CPU
		{94022EF4-6640-4E13-B582-845EA63C7089}.Release|Any CPU.ActiveCfg = Release|Any CPU
		{94022EF4-6640-4E13-B582-845EA63C7089}.Release|Any CPU.Build.0 = Release|Any CPU
		{29FF6CB0-F6BC-496E-94F1-C3E7DE8650B1}.Debug|Any CPU.ActiveCfg = Debug|Any CPU
		{29FF6CB0-F6BC-496E-94F1-C3E7DE8650B1}.Debug|Any CPU.Build.0 = Debug|Any CPU
		{29FF6CB0-F6BC-496E-94F1-C3E7DE8650B1}.Release|Any CPU.ActiveCfg = Release|Any CPU
		{29FF6CB0-F6BC-496E-94F1-C3E7DE8650B1}.Release|Any CPU.Build.0 = Release|Any CPU
		{F8BBA447-A554-4C62-AE8D-306CF1ABC05D}.Debug|Any CPU.ActiveCfg = Debug|Any CPU
		{F8BBA447-A554-4C62-AE8D-306CF1ABC05D}.Debug|Any CPU.Build.0 = Debug|Any CPU
		{F8BBA447-A554-4C62-AE8D-306CF1ABC05D}.Release|Any CPU.ActiveCfg = Release|Any CPU
		{F8BBA447-A554-4C62-AE8D-306CF1ABC05D}.Release|Any CPU.Build.0 = Release|Any CPU
		{94C2130C-5557-4ABD-B3F1-C9E47386908B}.Debug|Any CPU.ActiveCfg = Debug|Any CPU
		{94C2130C-5557-4ABD-B3F1-C9E47386908B}.Debug|Any CPU.Build.0 = Debug|Any CPU
		{94C2130C-5557-4ABD-B3F1-C9E47386908B}.Release|Any CPU.ActiveCfg = Release|Any CPU
		{94C2130C-5557-4ABD-B3F1-C9E47386908B}.Release|Any CPU.Build.0 = Release|Any CPU
		{BD13DD8D-4FD3-412A-9E74-D2A1151255C9}.Debug|Any CPU.ActiveCfg = Debug|Any CPU
		{BD13DD8D-4FD3-412A-9E74-D2A1151255C9}.Debug|Any CPU.Build.0 = Debug|Any CPU
		{BD13DD8D-4FD3-412A-9E74-D2A1151255C9}.Release|Any CPU.ActiveCfg = Release|Any CPU
		{BD13DD8D-4FD3-412A-9E74-D2A1151255C9}.Release|Any CPU.Build.0 = Release|Any CPU
		{70686DE9-E2AB-4664-B081-9A7C8B0D1146}.Debug|Any CPU.ActiveCfg = Debug|Any CPU
		{70686DE9-E2AB-4664-B081-9A7C8B0D1146}.Debug|Any CPU.Build.0 = Debug|Any CPU
		{70686DE9-E2AB-4664-B081-9A7C8B0D1146}.Release|Any CPU.ActiveCfg = Release|Any CPU
		{70686DE9-E2AB-4664-B081-9A7C8B0D1146}.Release|Any CPU.Build.0 = Release|Any CPU
		{6E06B26A-B7F8-4637-BAED-5360EA847791}.Debug|Any CPU.ActiveCfg = Debug|Any CPU
		{6E06B26A-B7F8-4637-BAED-5360EA847791}.Debug|Any CPU.Build.0 = Debug|Any CPU
		{6E06B26A-B7F8-4637-BAED-5360EA847791}.Release|Any CPU.ActiveCfg = Release|Any CPU
		{6E06B26A-B7F8-4637-BAED-5360EA847791}.Release|Any CPU.Build.0 = Release|Any CPU
		{DA0CAC87-4B89-4C9A-92D6-D7EFCBE9CCFA}.Debug|Any CPU.ActiveCfg = Debug|Any CPU
		{DA0CAC87-4B89-4C9A-92D6-D7EFCBE9CCFA}.Debug|Any CPU.Build.0 = Debug|Any CPU
		{DA0CAC87-4B89-4C9A-92D6-D7EFCBE9CCFA}.Release|Any CPU.ActiveCfg = Release|Any CPU
		{DA0CAC87-4B89-4C9A-92D6-D7EFCBE9CCFA}.Release|Any CPU.Build.0 = Release|Any CPU
		{4A94692E-B087-43D9-A95F-85E1BFBE7B19}.Debug|Any CPU.ActiveCfg = Debug|Any CPU
		{4A94692E-B087-43D9-A95F-85E1BFBE7B19}.Debug|Any CPU.Build.0 = Debug|Any CPU
		{4A94692E-B087-43D9-A95F-85E1BFBE7B19}.Release|Any CPU.ActiveCfg = Release|Any CPU
		{4A94692E-B087-43D9-A95F-85E1BFBE7B19}.Release|Any CPU.Build.0 = Release|Any CPU
		{8E2D833B-B25A-44A2-82F4-44CD9F84D3F6}.Debug|Any CPU.ActiveCfg = Debug|Any CPU
		{8E2D833B-B25A-44A2-82F4-44CD9F84D3F6}.Debug|Any CPU.Build.0 = Debug|Any CPU
		{8E2D833B-B25A-44A2-82F4-44CD9F84D3F6}.Release|Any CPU.ActiveCfg = Release|Any CPU
		{8E2D833B-B25A-44A2-82F4-44CD9F84D3F6}.Release|Any CPU.Build.0 = Release|Any CPU
		{A385E86D-B89E-4C9A-9F10-29FFAA1307C1}.Debug|Any CPU.ActiveCfg = Debug|Any CPU
		{A385E86D-B89E-4C9A-9F10-29FFAA1307C1}.Debug|Any CPU.Build.0 = Debug|Any CPU
		{A385E86D-B89E-4C9A-9F10-29FFAA1307C1}.Release|Any CPU.ActiveCfg = Release|Any CPU
		{A385E86D-B89E-4C9A-9F10-29FFAA1307C1}.Release|Any CPU.Build.0 = Release|Any CPU
		{729D3E93-AF07-4F21-AAAA-9C23AC149D40}.Debug|Any CPU.ActiveCfg = Debug|Any CPU
		{729D3E93-AF07-4F21-AAAA-9C23AC149D40}.Debug|Any CPU.Build.0 = Debug|Any CPU
		{729D3E93-AF07-4F21-AAAA-9C23AC149D40}.Release|Any CPU.ActiveCfg = Release|Any CPU
		{729D3E93-AF07-4F21-AAAA-9C23AC149D40}.Release|Any CPU.Build.0 = Release|Any CPU
		{EDB213DD-CA2E-4D4D-B27E-5B21D800111C}.Debug|Any CPU.ActiveCfg = Debug|Any CPU
		{EDB213DD-CA2E-4D4D-B27E-5B21D800111C}.Debug|Any CPU.Build.0 = Debug|Any CPU
		{EDB213DD-CA2E-4D4D-B27E-5B21D800111C}.Release|Any CPU.ActiveCfg = Release|Any CPU
		{EDB213DD-CA2E-4D4D-B27E-5B21D800111C}.Release|Any CPU.Build.0 = Release|Any CPU
		{3E8959E7-57A2-40E5-B067-0056914B1373}.Debug|Any CPU.ActiveCfg = Debug|Any CPU
		{3E8959E7-57A2-40E5-B067-0056914B1373}.Debug|Any CPU.Build.0 = Debug|Any CPU
		{3E8959E7-57A2-40E5-B067-0056914B1373}.Release|Any CPU.ActiveCfg = Release|Any CPU
		{3E8959E7-57A2-40E5-B067-0056914B1373}.Release|Any CPU.Build.0 = Release|Any CPU
		{C9C23D39-8C21-4D53-AF21-D65452BDE382}.Debug|Any CPU.ActiveCfg = Debug|Any CPU
		{C9C23D39-8C21-4D53-AF21-D65452BDE382}.Debug|Any CPU.Build.0 = Debug|Any CPU
		{C9C23D39-8C21-4D53-AF21-D65452BDE382}.Release|Any CPU.ActiveCfg = Release|Any CPU
		{C9C23D39-8C21-4D53-AF21-D65452BDE382}.Release|Any CPU.Build.0 = Release|Any CPU
		{25F00D51-F41A-4E3E-93F7-0E4695DB4BF8}.Debug|Any CPU.ActiveCfg = Debug|Any CPU
		{25F00D51-F41A-4E3E-93F7-0E4695DB4BF8}.Debug|Any CPU.Build.0 = Debug|Any CPU
		{25F00D51-F41A-4E3E-93F7-0E4695DB4BF8}.Release|Any CPU.ActiveCfg = Release|Any CPU
		{25F00D51-F41A-4E3E-93F7-0E4695DB4BF8}.Release|Any CPU.Build.0 = Release|Any CPU
		{ED75EFE3-882D-4F22-8662-866BB4D75997}.Debug|Any CPU.ActiveCfg = Debug|Any CPU
		{ED75EFE3-882D-4F22-8662-866BB4D75997}.Debug|Any CPU.Build.0 = Debug|Any CPU
		{ED75EFE3-882D-4F22-8662-866BB4D75997}.Release|Any CPU.ActiveCfg = Release|Any CPU
		{ED75EFE3-882D-4F22-8662-866BB4D75997}.Release|Any CPU.Build.0 = Release|Any CPU
		{FA0F06F4-336E-4C57-9A30-F7F1D90A70D3}.Debug|Any CPU.ActiveCfg = Debug|Any CPU
		{FA0F06F4-336E-4C57-9A30-F7F1D90A70D3}.Debug|Any CPU.Build.0 = Debug|Any CPU
		{FA0F06F4-336E-4C57-9A30-F7F1D90A70D3}.Release|Any CPU.ActiveCfg = Release|Any CPU
		{FA0F06F4-336E-4C57-9A30-F7F1D90A70D3}.Release|Any CPU.Build.0 = Release|Any CPU
		{33258B80-EA9F-46F2-A3ED-655B1934437E}.Debug|Any CPU.ActiveCfg = Debug|Any CPU
		{33258B80-EA9F-46F2-A3ED-655B1934437E}.Debug|Any CPU.Build.0 = Debug|Any CPU
		{33258B80-EA9F-46F2-A3ED-655B1934437E}.Release|Any CPU.ActiveCfg = Release|Any CPU
		{33258B80-EA9F-46F2-A3ED-655B1934437E}.Release|Any CPU.Build.0 = Release|Any CPU
		{26752D91-4202-491E-9C64-CB547A616911}.Debug|Any CPU.ActiveCfg = Debug|Any CPU
		{26752D91-4202-491E-9C64-CB547A616911}.Debug|Any CPU.Build.0 = Debug|Any CPU
		{26752D91-4202-491E-9C64-CB547A616911}.Release|Any CPU.ActiveCfg = Release|Any CPU
		{26752D91-4202-491E-9C64-CB547A616911}.Release|Any CPU.Build.0 = Release|Any CPU
		{BDD6C378-878E-428D-9069-5957357F787C}.Debug|Any CPU.ActiveCfg = Debug|Any CPU
		{BDD6C378-878E-428D-9069-5957357F787C}.Debug|Any CPU.Build.0 = Debug|Any CPU
		{BDD6C378-878E-428D-9069-5957357F787C}.Release|Any CPU.ActiveCfg = Release|Any CPU
		{BDD6C378-878E-428D-9069-5957357F787C}.Release|Any CPU.Build.0 = Release|Any CPU
		{A558B551-D47A-43F1-B170-12021E7829D4}.Debug|Any CPU.ActiveCfg = Debug|Any CPU
		{A558B551-D47A-43F1-B170-12021E7829D4}.Debug|Any CPU.Build.0 = Debug|Any CPU
		{A558B551-D47A-43F1-B170-12021E7829D4}.Release|Any CPU.ActiveCfg = Release|Any CPU
		{A558B551-D47A-43F1-B170-12021E7829D4}.Release|Any CPU.Build.0 = Release|Any CPU
		{C15B15D0-609D-4704-B4EB-AB90B740255B}.Debug|Any CPU.ActiveCfg = Debug|Any CPU
		{C15B15D0-609D-4704-B4EB-AB90B740255B}.Debug|Any CPU.Build.0 = Debug|Any CPU
		{C15B15D0-609D-4704-B4EB-AB90B740255B}.Release|Any CPU.ActiveCfg = Release|Any CPU
		{C15B15D0-609D-4704-B4EB-AB90B740255B}.Release|Any CPU.Build.0 = Release|Any CPU
		{7B628E87-BDB0-4089-A0BD-018E61AEC06E}.Debug|Any CPU.ActiveCfg = Debug|Any CPU
		{7B628E87-BDB0-4089-A0BD-018E61AEC06E}.Debug|Any CPU.Build.0 = Debug|Any CPU
		{7B628E87-BDB0-4089-A0BD-018E61AEC06E}.Release|Any CPU.ActiveCfg = Release|Any CPU
		{7B628E87-BDB0-4089-A0BD-018E61AEC06E}.Release|Any CPU.Build.0 = Release|Any CPU
		{32E11E40-5835-43F2-ABE0-3E336BC95283}.Debug|Any CPU.ActiveCfg = Debug|Any CPU
		{32E11E40-5835-43F2-ABE0-3E336BC95283}.Debug|Any CPU.Build.0 = Debug|Any CPU
		{32E11E40-5835-43F2-ABE0-3E336BC95283}.Release|Any CPU.ActiveCfg = Release|Any CPU
		{32E11E40-5835-43F2-ABE0-3E336BC95283}.Release|Any CPU.Build.0 = Release|Any CPU
		{07362C94-25EE-443C-BBB2-86FED89E55F2}.Debug|Any CPU.ActiveCfg = Debug|Any CPU
		{07362C94-25EE-443C-BBB2-86FED89E55F2}.Debug|Any CPU.Build.0 = Debug|Any CPU
		{07362C94-25EE-443C-BBB2-86FED89E55F2}.Release|Any CPU.ActiveCfg = Release|Any CPU
		{07362C94-25EE-443C-BBB2-86FED89E55F2}.Release|Any CPU.Build.0 = Release|Any CPU
		{D1DCB311-F42A-4AC2-9DA1-C2BCE3F0FF07}.Debug|Any CPU.ActiveCfg = Debug|Any CPU
		{D1DCB311-F42A-4AC2-9DA1-C2BCE3F0FF07}.Debug|Any CPU.Build.0 = Debug|Any CPU
		{D1DCB311-F42A-4AC2-9DA1-C2BCE3F0FF07}.Release|Any CPU.ActiveCfg = Release|Any CPU
		{D1DCB311-F42A-4AC2-9DA1-C2BCE3F0FF07}.Release|Any CPU.Build.0 = Release|Any CPU
		{DDD24CE9-1900-47A7-9475-6E8628FCF7F7}.Debug|Any CPU.ActiveCfg = Debug|Any CPU
		{DDD24CE9-1900-47A7-9475-6E8628FCF7F7}.Debug|Any CPU.Build.0 = Debug|Any CPU
		{DDD24CE9-1900-47A7-9475-6E8628FCF7F7}.Release|Any CPU.ActiveCfg = Release|Any CPU
		{DDD24CE9-1900-47A7-9475-6E8628FCF7F7}.Release|Any CPU.Build.0 = Release|Any CPU
		{B7FC94D1-BD2C-40A5-9E3C-FD0D2D12E398}.Debug|Any CPU.ActiveCfg = Debug|Any CPU
		{B7FC94D1-BD2C-40A5-9E3C-FD0D2D12E398}.Debug|Any CPU.Build.0 = Debug|Any CPU
		{B7FC94D1-BD2C-40A5-9E3C-FD0D2D12E398}.Release|Any CPU.ActiveCfg = Release|Any CPU
		{B7FC94D1-BD2C-40A5-9E3C-FD0D2D12E398}.Release|Any CPU.Build.0 = Release|Any CPU
		{9AEB6FB1-7815-4E7A-9D8E-D56F4F1E7F7A}.Debug|Any CPU.ActiveCfg = Debug|Any CPU
		{9AEB6FB1-7815-4E7A-9D8E-D56F4F1E7F7A}.Debug|Any CPU.Build.0 = Debug|Any CPU
		{9AEB6FB1-7815-4E7A-9D8E-D56F4F1E7F7A}.Release|Any CPU.ActiveCfg = Release|Any CPU
		{9AEB6FB1-7815-4E7A-9D8E-D56F4F1E7F7A}.Release|Any CPU.Build.0 = Release|Any CPU
	EndGlobalSection
	GlobalSection(SolutionProperties) = preSolution
		HideSolutionNode = FALSE
	EndGlobalSection
	GlobalSection(NestedProjects) = preSolution
		{559C715B-26DA-48C7-BF40-3121C4CF24A1} = {E09DC631-BEF3-4F62-A2F3-DCEAB4799A1B}
		{2EB2154C-BAD6-4E42-9E57-18631628FCE9} = {E09DC631-BEF3-4F62-A2F3-DCEAB4799A1B}
		{9A3B258B-2896-4BC4-B010-B8DF7F822A64} = {E09DC631-BEF3-4F62-A2F3-DCEAB4799A1B}
		{F93B6295-3F37-4B69-B52A-2166F67D7CFB} = {7538C41D-6B22-4A4A-9619-3DE2E66F90C4}
		{94022EF4-6640-4E13-B582-845EA63C7089} = {7538C41D-6B22-4A4A-9619-3DE2E66F90C4}
		{29FF6CB0-F6BC-496E-94F1-C3E7DE8650B1} = {7538C41D-6B22-4A4A-9619-3DE2E66F90C4}
		{F8BBA447-A554-4C62-AE8D-306CF1ABC05D} = {06C6E433-A3D4-44CF-9CC5-EC2F8AD635CD}
		{94C2130C-5557-4ABD-B3F1-C9E47386908B} = {7538C41D-6B22-4A4A-9619-3DE2E66F90C4}
		{BD13DD8D-4FD3-412A-9E74-D2A1151255C9} = {06C6E433-A3D4-44CF-9CC5-EC2F8AD635CD}
		{70686DE9-E2AB-4664-B081-9A7C8B0D1146} = {06C6E433-A3D4-44CF-9CC5-EC2F8AD635CD}
		{6E06B26A-B7F8-4637-BAED-5360EA847791} = {06C6E433-A3D4-44CF-9CC5-EC2F8AD635CD}
		{DA0CAC87-4B89-4C9A-92D6-D7EFCBE9CCFA} = {06C6E433-A3D4-44CF-9CC5-EC2F8AD635CD}
		{4A94692E-B087-43D9-A95F-85E1BFBE7B19} = {7538C41D-6B22-4A4A-9619-3DE2E66F90C4}
		{8E2D833B-B25A-44A2-82F4-44CD9F84D3F6} = {06C6E433-A3D4-44CF-9CC5-EC2F8AD635CD}
		{A385E86D-B89E-4C9A-9F10-29FFAA1307C1} = {194428BA-3948-4EA4-8C6F-9AC6E30F5D83}
		{729D3E93-AF07-4F21-AAAA-9C23AC149D40} = {194428BA-3948-4EA4-8C6F-9AC6E30F5D83}
		{EDB213DD-CA2E-4D4D-B27E-5B21D800111C} = {194428BA-3948-4EA4-8C6F-9AC6E30F5D83}
		{3E8959E7-57A2-40E5-B067-0056914B1373} = {194428BA-3948-4EA4-8C6F-9AC6E30F5D83}
		{C9C23D39-8C21-4D53-AF21-D65452BDE382} = {06C6E433-A3D4-44CF-9CC5-EC2F8AD635CD}
		{25F00D51-F41A-4E3E-93F7-0E4695DB4BF8} = {4FCD20AF-C6EE-481A-A258-43E4BB4E70DF}
		{ED75EFE3-882D-4F22-8662-866BB4D75997} = {4FCD20AF-C6EE-481A-A258-43E4BB4E70DF}
		{FA0F06F4-336E-4C57-9A30-F7F1D90A70D3} = {4FCD20AF-C6EE-481A-A258-43E4BB4E70DF}
		{33258B80-EA9F-46F2-A3ED-655B1934437E} = {4FCD20AF-C6EE-481A-A258-43E4BB4E70DF}
		{26752D91-4202-491E-9C64-CB547A616911} = {7538C41D-6B22-4A4A-9619-3DE2E66F90C4}
		{BDD6C378-878E-428D-9069-5957357F787C} = {7538C41D-6B22-4A4A-9619-3DE2E66F90C4}
		{A558B551-D47A-43F1-B170-12021E7829D4} = {7538C41D-6B22-4A4A-9619-3DE2E66F90C4}
		{C15B15D0-609D-4704-B4EB-AB90B740255B} = {7538C41D-6B22-4A4A-9619-3DE2E66F90C4}
		{7B628E87-BDB0-4089-A0BD-018E61AEC06E} = {7538C41D-6B22-4A4A-9619-3DE2E66F90C4}
		{32E11E40-5835-43F2-ABE0-3E336BC95283} = {5D24E002-95E1-4813-8ECB-B0E049F2613D}
		{07362C94-25EE-443C-BBB2-86FED89E55F2} = {5D24E002-95E1-4813-8ECB-B0E049F2613D}
		{D1DCB311-F42A-4AC2-9DA1-C2BCE3F0FF07} = {5D24E002-95E1-4813-8ECB-B0E049F2613D}
		{DDD24CE9-1900-47A7-9475-6E8628FCF7F7} = {E09DC631-BEF3-4F62-A2F3-DCEAB4799A1B}
		{B7FC94D1-BD2C-40A5-9E3C-FD0D2D12E398} = {7538C41D-6B22-4A4A-9619-3DE2E66F90C4}
		{9AEB6FB1-7815-4E7A-9D8E-D56F4F1E7F7A} = {07C00A8C-E06D-4FA7-A65F-805F0AFD574D}
	EndGlobalSection
	GlobalSection(ExtensibilityGlobals) = postSolution
		SolutionGuid = {B7832CEF-EC50-4C0C-A065-C18BF2F2CBC8}
	EndGlobalSection
EndGlobal
